
Microsoft Visual Studio Solution File, Format Version 12.00
# Visual Studio Version 17
VisualStudioVersion = 17.0.31903.59
MinimumVisualStudioVersion = 10.0.40219.1
Project("{2150E333-8FDC-42A3-9474-1A3956D46DE8}") = "src", "src", "{827E0CD3-B72D-47B6-A68D-7590B98EB39B}"
EndProject
Project("{FAE04EC0-301F-11D3-BF4B-00C04F79EFBC}") = "LocalTransfer.Contracts", "src\LocalTransfer.Contracts\LocalTransfer.Contracts.csproj", "{912C6C38-42C4-4DC3-B3AF-7221129FB1E2}"
EndProject
Project("{FAE04EC0-301F-11D3-BF4B-00C04F79EFBC}") = "LocalTransfer.Core", "src\LocalTransfer.Core\LocalTransfer.Core.csproj", "{FB33250E-3901-4A9C-9685-1C66669622BD}"
EndProject
Project("{FAE04EC0-301F-11D3-BF4B-00C04F79EFBC}") = "LocalTransfer.Infrastructure", "src\LocalTransfer.Infrastructure\LocalTransfer.Infrastructure.csproj", "{77706411-B7A4-4BC0-914B-9F6356910D14}"
EndProject
Project("{FAE04EC0-301F-11D3-BF4B-00C04F79EFBC}") = "LocalTransfer.Windows", "src\LocalTransfer.Windows\LocalTransfer.Windows.csproj", "{CBE44B04-05A9-4D5D-A45F-3CBF73973ED6}"
EndProject
Project("{FAE04EC0-301F-11D3-BF4B-00C04F79EFBC}") = "LocalTransfer.Mobile", "src\LocalTransfer.Mobile\LocalTransfer.Mobile.csproj", "{36184A82-C7A3-4F76-A15E-4E5AD880AC8F}"
EndProject
Project("{FAE04EC0-301F-11D3-BF4B-00C04F79EFBC}") = "LocalTransfer.Core.Tests", "tests\LocalTransfer.Core.Tests\LocalTransfer.Core.Tests.csproj", "{1C8CDF48-360E-48CB-B521-B7BD55E374B8}"
EndProject
Project("{FAE04EC0-301F-11D3-BF4B-00C04F79EFBC}") = "LocalTransfer.Protocol.Tests", "tests\LocalTransfer.Protocol.Tests\LocalTransfer.Protocol.Tests.csproj", "{2344B067-43F6-45E9-B925-43E1B73D7EE1}"
EndProject
Project("{FAE04EC0-301F-11D3-BF4B-00C04F79EFBC}") = "LocalTransfer.IntegrationTests", "tests\LocalTransfer.IntegrationTests\LocalTransfer.IntegrationTests.csproj", "{D66B8D61-2859-4990-9F56-EF8093BE7E78}"
EndProject
Project("{FAE04EC0-301F-11D3-BF4B-00C04F79EFBC}") = "LocalTransfer.Coordinator", "src\LocalTransfer.Coordinator\LocalTransfer.Coordinator.csproj", "{4C47D3A3-7C3C-4EE9-BE0A-524A885E2834}"
EndProject
Project("{FAE04EC0-301F-11D3-BF4B-00C04F79EFBC}") = "LocalTransfer.Client", "src\LocalTransfer.Client\LocalTransfer.Client.csproj", "{7ADDBF4F-0B73-4CB4-B23B-54DB58F39902}"
EndProject
Global
	GlobalSection(SolutionConfigurationPlatforms) = preSolution
		Debug|Any CPU = Debug|Any CPU
		Debug|x64 = Debug|x64
		Debug|x86 = Debug|x86
		Release|Any CPU = Release|Any CPU
		Release|x64 = Release|x64
		Release|x86 = Release|x86
	EndGlobalSection
	GlobalSection(ProjectConfigurationPlatforms) = postSolution
		{912C6C38-42C4-4DC3-B3AF-7221129FB1E2}.Debug|Any CPU.ActiveCfg = Debug|Any CPU
		{912C6C38-42C4-4DC3-B3AF-7221129FB1E2}.Debug|Any CPU.Build.0 = Debug|Any CPU
		{912C6C38-42C4-4DC3-B3AF-7221129FB1E2}.Debug|x64.ActiveCfg = Debug|Any CPU
		{912C6C38-42C4-4DC3-B3AF-7221129FB1E2}.Debug|x64.Build.0 = Debug|Any CPU
		{912C6C38-42C4-4DC3-B3AF-7221129FB1E2}.Debug|x86.ActiveCfg = Debug|Any CPU
		{912C6C38-42C4-4DC3-B3AF-7221129FB1E2}.Debug|x86.Build.0 = Debug|Any CPU
		{912C6C38-42C4-4DC3-B3AF-7221129FB1E2}.Release|Any CPU.ActiveCfg = Release|Any CPU
		{912C6C38-42C4-4DC3-B3AF-7221129FB1E2}.Release|Any CPU.Build.0 = Release|Any CPU
		{912C6C38-42C4-4DC3-B3AF-7221129FB1E2}.Release|x64.ActiveCfg = Release|Any CPU
		{912C6C38-42C4-4DC3-B3AF-7221129FB1E2}.Release|x64.Build.0 = Release|Any CPU
		{912C6C38-42C4-4DC3-B3AF-7221129FB1E2}.Release|x86.ActiveCfg = Release|Any CPU
		{912C6C38-42C4-4DC3-B3AF-7221129FB1E2}.Release|x86.Build.0 = Release|Any CPU
		{FB33250E-3901-4A9C-9685-1C66669622BD}.Debug|Any CPU.ActiveCfg = Debug|Any CPU
		{FB33250E-3901-4A9C-9685-1C66669622BD}.Debug|Any CPU.Build.0 = Debug|Any CPU
		{FB33250E-3901-4A9C-9685-1C66669622BD}.Debug|x64.ActiveCfg = Debug|Any CPU
		{FB33250E-3901-4A9C-9685-1C66669622BD}.Debug|x64.Build.0 = Debug|Any CPU
		{FB33250E-3901-4A9C-9685-1C66669622BD}.Debug|x86.ActiveCfg = Debug|Any CPU
		{FB33250E-3901-4A9C-9685-1C66669622BD}.Debug|x86.Build.0 = Debug|Any CPU
		{FB33250E-3901-4A9C-9685-1C66669622BD}.Release|Any CPU.ActiveCfg = Release|Any CPU
		{FB33250E-3901-4A9C-9685-1C66669622BD}.Release|Any CPU.Build.0 = Release|Any CPU
		{FB33250E-3901-4A9C-9685-1C66669622BD}.Release|x64.ActiveCfg = Release|Any CPU
		{FB33250E-3901-4A9C-9685-1C66669622BD}.Release|x64.Build.0 = Release|Any CPU
		{FB33250E-3901-4A9C-9685-1C66669622BD}.Release|x86.ActiveCfg = Release|Any CPU
		{FB33250E-3901-4A9C-9685-1C66669622BD}.Release|x86.Build.0 = Release|Any CPU
		{77706411-B7A4-4BC0-914B-9F6356910D14}.Debug|Any CPU.ActiveCfg = Debug|Any CPU
		{77706411-B7A4-4BC0-914B-9F6356910D14}.Debug|Any CPU.Build.0 = Debug|Any CPU
		{77706411-B7A4-4BC0-914B-9F6356910D14}.Debug|x64.ActiveCfg = Debug|Any CPU
		{77706411-B7A4-4BC0-914B-9F6356910D14}.Debug|x64.Build.0 = Debug|Any CPU
		{77706411-B7A4-4BC0-914B-9F6356910D14}.Debug|x86.ActiveCfg = Debug|Any CPU
		{77706411-B7A4-4BC0-914B-9F6356910D14}.Debug|x86.Build.0 = Debug|Any CPU
		{77706411-B7A4-4BC0-914B-9F6356910D14}.Release|Any CPU.ActiveCfg = Release|Any CPU
		{77706411-B7A4-4BC0-914B-9F6356910D14}.Release|Any CPU.Build.0 = Release|Any CPU
		{77706411-B7A4-4BC0-914B-9F6356910D14}.Release|x64.ActiveCfg = Release|Any CPU
		{77706411-B7A4-4BC0-914B-9F6356910D14}.Release|x64.Build.0 = Release|Any CPU
		{77706411-B7A4-4BC0-914B-9F6356910D14}.Release|x86.ActiveCfg = Release|Any CPU
		{77706411-B7A4-4BC0-914B-9F6356910D14}.Release|x86.Build.0 = Release|Any CPU
		{CBE44B04-05A9-4D5D-A45F-3CBF73973ED6}.Debug|Any CPU.ActiveCfg = Debug|Any CPU
		{CBE44B04-05A9-4D5D-A45F-3CBF73973ED6}.Debug|Any CPU.Build.0 = Debug|Any CPU
		{CBE44B04-05A9-4D5D-A45F-3CBF73973ED6}.Debug|x64.ActiveCfg = Debug|Any CPU
		{CBE44B04-05A9-4D5D-A45F-3CBF73973ED6}.Debug|x64.Build.0 = Debug|Any CPU
		{CBE44B04-05A9-4D5D-A45F-3CBF73973ED6}.Debug|x86.ActiveCfg = Debug|Any CPU
		{CBE44B04-05A9-4D5D-A45F-3CBF73973ED6}.Debug|x86.Build.0 = Debug|Any CPU
		{CBE44B04-05A9-4D5D-A45F-3CBF73973ED6}.Release|Any CPU.ActiveCfg = Release|Any CPU
		{CBE44B04-05A9-4D5D-A45F-3CBF73973ED6}.Release|Any CPU.Build.0 = Release|Any CPU
		{CBE44B04-05A9-4D5D-A45F-3CBF73973ED6}.Release|x64.ActiveCfg = Release|Any CPU
		{CBE44B04-05A9-4D5D-A45F-3CBF73973ED6}.Release|x64.Build.0 = Release|Any CPU
		{CBE44B04-05A9-4D5D-A45F-3CBF73973ED6}.Release|x86.ActiveCfg = Release|Any CPU
		{CBE44B04-05A9-4D5D-A45F-3CBF73973ED6}.Release|x86.Build.0 = Release|Any CPU
		{36184A82-C7A3-4F76-A15E-4E5AD880AC8F}.Debug|Any CPU.ActiveCfg = Debug|Any CPU
		{36184A82-C7A3-4F76-A15E-4E5AD880AC8F}.Debug|Any CPU.Build.0 = Debug|Any CPU
		{36184A82-C7A3-4F76-A15E-4E5AD880AC8F}.Debug|x64.ActiveCfg = Debug|Any CPU
		{36184A82-C7A3-4F76-A15E-4E5AD880AC8F}.Debug|x64.Build.0 = Debug|Any CPU
		{36184A82-C7A3-4F76-A15E-4E5AD880AC8F}.Debug|x86.ActiveCfg = Debug|Any CPU
		{36184A82-C7A3-4F76-A15E-4E5AD880AC8F}.Debug|x86.Build.0 = Debug|Any CPU
		{36184A82-C7A3-4F76-A15E-4E5AD880AC8F}.Release|Any CPU.ActiveCfg = Release|Any CPU
		{36184A82-C7A3-4F76-A15E-4E5AD880AC8F}.Release|Any CPU.Build.0 = Release|Any CPU
		{36184A82-C7A3-4F76-A15E-4E5AD880AC8F}.Release|x64.ActiveCfg = Release|Any CPU
		{36184A82-C7A3-4F76-A15E-4E5AD880AC8F}.Release|x64.Build.0 = Release|Any CPU
		{36184A82-C7A3-4F76-A15E-4E5AD880AC8F}.Release|x86.ActiveCfg = Release|Any CPU
		{36184A82-C7A3-4F76-A15E-4E5AD880AC8F}.Release|x86.Build.0 = Release|Any CPU
		{1C8CDF48-360E-48CB-B521-B7BD55E374B8}.Debug|Any CPU.ActiveCfg = Debug|Any CPU
		{1C8CDF48-360E-48CB-B521-B7BD55E374B8}.Debug|Any CPU.Build.0 = Debug|Any CPU
		{1C8CDF48-360E-48CB-B521-B7BD55E374B8}.Debug|x64.ActiveCfg = Debug|Any CPU
		{1C8CDF48-360E-48CB-B521-B7BD55E374B8}.Debug|x64.Build.0 = Debug|Any CPU
		{1C8CDF48-360E-48CB-B521-B7BD55E374B8}.Debug|x86.ActiveCfg = Debug|Any CPU
		{1C8CDF48-360E-48CB-B521-B7BD55E374B8}.Debug|x86.Build.0 = Debug|Any CPU
		{1C8CDF48-360E-48CB-B521-B7BD55E374B8}.Release|Any CPU.ActiveCfg = Release|Any CPU
		{1C8CDF48-360E-48CB-B521-B7BD55E374B8}.Release|Any CPU.Build.0 = Release|Any CPU
		{1C8CDF48-360E-48CB-B521-B7BD55E374B8}.Release|x64.ActiveCfg = Release|Any CPU
		{1C8CDF48-360E-48CB-B521-B7BD55E374B8}.Release|x64.Build.0 = Release|Any CPU
		{1C8CDF48-360E-48CB-B521-B7BD55E374B8}.Release|x86.ActiveCfg = Release|Any CPU
		{1C8CDF48-360E-48CB-B521-B7BD55E374B8}.Release|x86.Build.0 = Release|Any CPU
		{2344B067-43F6-45E9-B925-43E1B73D7EE1}.Debug|Any CPU.ActiveCfg = Debug|Any CPU
		{2344B067-43F6-45E9-B925-43E1B73D7EE1}.Debug|Any CPU.Build.0 = Debug|Any CPU
		{2344B067-43F6-45E9-B925-43E1B73D7EE1}.Debug|x64.ActiveCfg = Debug|Any CPU
		{2344B067-43F6-45E9-B925-43E1B73D7EE1}.Debug|x64.Build.0 = Debug|Any CPU
		{2344B067-43F6-45E9-B925-43E1B73D7EE1}.Debug|x86.ActiveCfg = Debug|Any CPU
		{2344B067-43F6-45E9-B925-43E1B73D7EE1}.Debug|x86.Build.0 = Debug|Any CPU
		{2344B067-43F6-45E9-B925-43E1B73D7EE1}.Release|Any CPU.ActiveCfg = Release|Any CPU
		{2344B067-43F6-45E9-B925-43E1B73D7EE1}.Release|Any CPU.Build.0 = Release|Any CPU
		{2344B067-43F6-45E9-B925-43E1B73D7EE1}.Release|x64.ActiveCfg = Release|Any CPU
		{2344B067-43F6-45E9-B925-43E1B73D7EE1}.Release|x64.Build.0 = Release|Any CPU
		{2344B067-43F6-45E9-B925-43E1B73D7EE1}.Release|x86.ActiveCfg = Release|Any CPU
		{2344B067-43F6-45E9-B925-43E1B73D7EE1}.Release|x86.Build.0 = Release|Any CPU
		{D66B8D61-2859-4990-9F56-EF8093BE7E78}.Debug|Any CPU.ActiveCfg = Debug|Any CPU
		{D66B8D61-2859-4990-9F56-EF8093BE7E78}.Debug|Any CPU.Build.0 = Debug|Any CPU
		{D66B8D61-2859-4990-9F56-EF8093BE7E78}.Debug|x64.ActiveCfg = Debug|Any CPU
		{D66B8D61-2859-4990-9F56-EF8093BE7E78}.Debug|x64.Build.0 = Debug|Any CPU
		{D66B8D61-2859-4990-9F56-EF8093BE7E78}.Debug|x86.ActiveCfg = Debug|Any CPU
		{D66B8D61-2859-4990-9F56-EF8093BE7E78}.Debug|x86.Build.0 = Debug|Any CPU
		{D66B8D61-2859-4990-9F56-EF8093BE7E78}.Release|Any CPU.ActiveCfg = Release|Any CPU
		{D66B8D61-2859-4990-9F56-EF8093BE7E78}.Release|Any CPU.Build.0 = Release|Any CPU
		{D66B8D61-2859-4990-9F56-EF8093BE7E78}.Release|x64.ActiveCfg = Release|Any CPU
		{D66B8D61-2859-4990-9F56-EF8093BE7E78}.Release|x64.Build.0 = Release|Any CPU
		{D66B8D61-2859-4990-9F56-EF8093BE7E78}.Release|x86.ActiveCfg = Release|Any CPU
		{D66B8D61-2859-4990-9F56-EF8093BE7E78}.Release|x86.Build.0 = Release|Any CPU
		{4C47D3A3-7C3C-4EE9-BE0A-524A885E2834}.Debug|Any CPU.ActiveCfg = Debug|Any CPU
		{4C47D3A3-7C3C-4EE9-BE0A-524A885E2834}.Debug|Any CPU.Build.0 = Debug|Any CPU
		{4C47D3A3-7C3C-4EE9-BE0A-524A885E2834}.Debug|x64.ActiveCfg = Debug|Any CPU
		{4C47D3A3-7C3C-4EE9-BE0A-524A885E2834}.Debug|x64.Build.0 = Debug|Any CPU
		{4C47D3A3-7C3C-4EE9-BE0A-524A885E2834}.Debug|x86.ActiveCfg = Debug|Any CPU
		{4C47D3A3-7C3C-4EE9-BE0A-524A885E2834}.Debug|x86.Build.0 = Debug|Any CPU
		{4C47D3A3-7C3C-4EE9-BE0A-524A885E2834}.Release|Any CPU.ActiveCfg = Release|Any CPU
		{4C47D3A3-7C3C-4EE9-BE0A-524A885E2834}.Release|Any CPU.Build.0 = Release|Any CPU
		{4C47D3A3-7C3C-4EE9-BE0A-524A885E2834}.Release|x64.ActiveCfg = Release|Any CPU
		{4C47D3A3-7C3C-4EE9-BE0A-524A885E2834}.Release|x64.Build.0 = Release|Any CPU
		{4C47D3A3-7C3C-4EE9-BE0A-524A885E2834}.Release|x86.ActiveCfg = Release|Any CPU
		{4C47D3A3-7C3C-4EE9-BE0A-524A885E2834}.Release|x86.Build.0 = Release|Any CPU
		{7ADDBF4F-0B73-4CB4-B23B-54DB58F39902}.Debug|Any CPU.ActiveCfg = Debug|Any CPU
		{7ADDBF4F-0B73-4CB4-B23B-54DB58F39902}.Debug|Any CPU.Build.0 = Debug|Any CPU
		{7ADDBF4F-0B73-4CB4-B23B-54DB58F39902}.Debug|x64.ActiveCfg = Debug|Any CPU
		{7ADDBF4F-0B73-4CB4-B23B-54DB58F39902}.Debug|x64.Build.0 = Debug|Any CPU
		{7ADDBF4F-0B73-4CB4-B23B-54DB58F39902}.Debug|x86.ActiveCfg = Debug|Any CPU
		{7ADDBF4F-0B73-4CB4-B23B-54DB58F39902}.Debug|x86.Build.0 = Debug|Any CPU
		{7ADDBF4F-0B73-4CB4-B23B-54DB58F39902}.Release|Any CPU.ActiveCfg = Release|Any CPU
		{7ADDBF4F-0B73-4CB4-B23B-54DB58F39902}.Release|Any CPU.Build.0 = Release|Any CPU
		{7ADDBF4F-0B73-4CB4-B23B-54DB58F39902}.Release|x64.ActiveCfg = Release|Any CPU
		{7ADDBF4F-0B73-4CB4-B23B-54DB58F39902}.Release|x64.Build.0 = Release|Any CPU
		{7ADDBF4F-0B73-4CB4-B23B-54DB58F39902}.Release|x86.ActiveCfg = Release|Any CPU
		{7ADDBF4F-0B73-4CB4-B23B-54DB58F39902}.Release|x86.Build.0 = Release|Any CPU
	EndGlobalSection
	GlobalSection(SolutionProperties) = preSolution
		HideSolutionNode = FALSE
	EndGlobalSection
	GlobalSection(NestedProjects) = preSolution
		{912C6C38-42C4-4DC3-B3AF-7221129FB1E2} = {827E0CD3-B72D-47B6-A68D-7590B98EB39B}
		{FB33250E-3901-4A9C-9685-1C66669622BD} = {827E0CD3-B72D-47B6-A68D-7590B98EB39B}
		{77706411-B7A4-4BC0-914B-9F6356910D14} = {827E0CD3-B72D-47B6-A68D-7590B98EB39B}
		{CBE44B04-05A9-4D5D-A45F-3CBF73973ED6} = {827E0CD3-B72D-47B6-A68D-7590B98EB39B}
		{36184A82-C7A3-4F76-A15E-4E5AD880AC8F} = {827E0CD3-B72D-47B6-A68D-7590B98EB39B}
		{1C8CDF48-360E-48CB-B521-B7BD55E374B8} = {827E0CD3-B72D-47B6-A68D-7590B98EB39B}
		{2344B067-43F6-45E9-B925-43E1B73D7EE1} = {827E0CD3-B72D-47B6-A68D-7590B98EB39B}
		{D66B8D61-2859-4990-9F56-EF8093BE7E78} = {827E0CD3-B72D-47B6-A68D-7590B98EB39B}
		{4C47D3A3-7C3C-4EE9-BE0A-524A885E2834} = {827E0CD3-B72D-47B6-A68D-7590B98EB39B}
		{7ADDBF4F-0B73-4CB4-B23B-54DB58F39902} = {827E0CD3-B72D-47B6-A68D-7590B98EB39B}
	EndGlobalSection
EndGlobal
